
Microsoft Visual Studio Solution File, Format Version 12.00
# Visual Studio Version 16
VisualStudioVersion = 16.0.30204.135
MinimumVisualStudioVersion = 10.0.40219.1
Project("{FAE04EC0-301F-11D3-BF4B-00C04F79EFBC}") = "LAB_CSA-2017-2018", "LAB_CSA-2017-2018.csproj", "{50724DEB-9388-4A73-8578-2920D435D6FF}"
EndProject
Global
	GlobalSection(SolutionConfigurationPlatforms) = preSolution
		Debug|Any CPU = Debug|Any CPU
		Release|Any CPU = Release|Any CPU
	EndGlobalSection
	GlobalSection(ProjectConfigurationPlatforms) = postSolution
		{50724DEB-9388-4A73-8578-2920D435D6FF}.Debug|Any CPU.ActiveCfg = Debug|Any CPU
		{50724DEB-9388-4A73-8578-2920D435D6FF}.Debug|Any CPU.Build.0 = Debug|Any CPU
		{50724DEB-9388-4A73-8578-2920D435D6FF}.Release|Any CPU.ActiveCfg = Release|Any CPU
		{50724DEB-9388-4A73-8578-2920D435D6FF}.Release|Any CPU.Build.0 = Release|Any CPU
	EndGlobalSection
	GlobalSection(SolutionProperties) = preSolution
		HideSolutionNode = FALSE
	EndGlobalSection
	GlobalSection(ExtensibilityGlobals) = postSolution
		SolutionGuid = {10982817-07B8-404C-AB24-40E6B7DA7DFF}
	EndGlobalSection
EndGlobal
